
Microsoft Visual Studio Solution File, Format Version 12.00
# Visual Studio 15
VisualStudioVersion = 15.0.27130.2010
MinimumVisualStudioVersion = 10.0.40219.1
Project("{9A19103F-16F7-4668-BE54-9A1E7A4F7556}") = "TimeFlip.Net", "TimeFlip.Net\TimeFlip.Net.csproj", "{4B490AA1-1DB7-4A9E-9CE1-74AF2E630E6A}"
EndProject
Project("{FAE04EC0-301F-11D3-BF4B-00C04F79EFBC}") = "TimeFlip.Net.Android", "TimeFlip.Net.Android\TimeFlip.Net.Android.csproj", "{025AA9C3-372B-407E-A8E0-D1957C7AFDE5}"
EndProject
Project("{FAE04EC0-301F-11D3-BF4B-00C04F79EFBC}") = "TimeFlip.Net.Crossplatform", "TimeFlip.Net.Crossplatform\TimeFlip.Net.Crossplatform.csproj", "{63F8F2D5-D816-4D74-9C89-F892CAC1710D}"
EndProject
Global
	GlobalSection(SolutionConfigurationPlatforms) = preSolution
		Debug|Any CPU = Debug|Any CPU
		Release|Any CPU = Release|Any CPU
	EndGlobalSection
	GlobalSection(ProjectConfigurationPlatforms) = postSolution
		{4B490AA1-1DB7-4A9E-9CE1-74AF2E630E6A}.Debug|Any CPU.ActiveCfg = Debug|Any CPU
		{4B490AA1-1DB7-4A9E-9CE1-74AF2E630E6A}.Debug|Any CPU.Build.0 = Debug|Any CPU
		{4B490AA1-1DB7-4A9E-9CE1-74AF2E630E6A}.Release|Any CPU.ActiveCfg = Release|Any CPU
		{4B490AA1-1DB7-4A9E-9CE1-74AF2E630E6A}.Release|Any CPU.Build.0 = Release|Any CPU
		{025AA9C3-372B-407E-A8E0-D1957C7AFDE5}.Debug|Any CPU.ActiveCfg = Debug|Any CPU
		{025AA9C3-372B-407E-A8E0-D1957C7AFDE5}.Debug|Any CPU.Build.0 = Debug|Any CPU
		{025AA9C3-372B-407E-A8E0-D1957C7AFDE5}.Release|Any CPU.ActiveCfg = Release|Any CPU
		{025AA9C3-372B-407E-A8E0-D1957C7AFDE5}.Release|Any CPU.Build.0 = Release|Any CPU
		{63F8F2D5-D816-4D74-9C89-F892CAC1710D}.Debug|Any CPU.ActiveCfg = Debug|Any CPU
		{63F8F2D5-D816-4D74-9C89-F892CAC1710D}.Debug|Any CPU.Build.0 = Debug|Any CPU
		{63F8F2D5-D816-4D74-9C89-F892CAC1710D}.Release|Any CPU.ActiveCfg = Release|Any CPU
		{63F8F2D5-D816-4D74-9C89-F892CAC1710D}.Release|Any CPU.Build.0 = Release|Any CPU
	EndGlobalSection
	GlobalSection(SolutionProperties) = preSolution
		HideSolutionNode = FALSE
	EndGlobalSection
	GlobalSection(ExtensibilityGlobals) = postSolution
		SolutionGuid = {111DF614-4016-4D8C-AECF-12C2A79E87AC}
	EndGlobalSection
EndGlobal
